
Microsoft Visual Studio Solution File, Format Version 12.00
# Visual Studio Version 17
VisualStudioVersion = 17.8.34322.80
MinimumVisualStudioVersion = 10.0.40219.1
Project("{9A19103F-16F7-4668-BE54-9A1E7A4F7556}") = "HockeyData", "HockeyData\HockeyData.csproj", "{DA1F60A6-CF4A-4801-AA66-AC4C7B96376E}"
EndProject
Project("{9A19103F-16F7-4668-BE54-9A1E7A4F7556}") = "Utilities", "Utilities\Utilities.csproj", "{0D507731-2FD5-43D0-8A09-62491FD13057}"
EndProject
Project("{9A19103F-16F7-4668-BE54-9A1E7A4F7556}") = "HockeyConsoleApp", "HockeyConsoleApp\HockeyConsoleApp.csproj", "{634FA76A-2290-4DBF-A1D8-F6BF161586DD}"
EndProject
Project("{9A19103F-16F7-4668-BE54-9A1E7A4F7556}") = "HockeyTestProject", "HockeyTestProject\HockeyTestProject.csproj", "{111B4E68-44F2-4373-9674-137456E09A04}"
EndProject
Project("{9A19103F-16F7-4668-BE54-9A1E7A4F7556}") = "UtilitiesTestProject", "UtilitiesTestProject\UtilitiesTestProject.csproj", "{E0D49939-8D3E-4EEB-88F8-5A389B9A70CD}"
EndProject
Project("{9A19103F-16F7-4668-BE54-9A1E7A4F7556}") = "BlazorSampleApp", "BlazorSampleApp\BlazorSampleApp.csproj", "{7AFB84ED-ACB2-474F-AF04-85C27F4DD457}"
EndProject
Project("{9A19103F-16F7-4668-BE54-9A1E7A4F7556}") = "WestWindSystem", "WestWindSystem\WestWindSystem.csproj", "{18045832-9374-49A1-A335-8FE76B3E1349}"
EndProject
Project("{FAE04EC0-301F-11D3-BF4B-00C04F79EFBC}") = "EFCoreTestApp", "EFCoreTestApp\EFCoreTestApp.csproj", "{C3DBB52D-D1A7-49E2-98EA-238B8710A62C}"
EndProject
Global
	GlobalSection(SolutionConfigurationPlatforms) = preSolution
		Debug|Any CPU = Debug|Any CPU
		Release|Any CPU = Release|Any CPU
	EndGlobalSection
	GlobalSection(ProjectConfigurationPlatforms) = postSolution
		{DA1F60A6-CF4A-4801-AA66-AC4C7B96376E}.Debug|Any CPU.ActiveCfg = Debug|Any CPU
		{DA1F60A6-CF4A-4801-AA66-AC4C7B96376E}.Debug|Any CPU.Build.0 = Debug|Any CPU
		{DA1F60A6-CF4A-4801-AA66-AC4C7B96376E}.Release|Any CPU.ActiveCfg = Release|Any CPU
		{DA1F60A6-CF4A-4801-AA66-AC4C7B96376E}.Release|Any CPU.Build.0 = Release|Any CPU
		{0D507731-2FD5-43D0-8A09-62491FD13057}.Debug|Any CPU.ActiveCfg = Debug|Any CPU
		{0D507731-2FD5-43D0-8A09-62491FD13057}.Debug|Any CPU.Build.0 = Debug|Any CPU
		{0D507731-2FD5-43D0-8A09-62491FD13057}.Release|Any CPU.ActiveCfg = Release|Any CPU
		{0D507731-2FD5-43D0-8A09-62491FD13057}.Release|Any CPU.Build.0 = Release|Any CPU
		{634FA76A-2290-4DBF-A1D8-F6BF161586DD}.Debug|Any CPU.ActiveCfg = Debug|Any CPU
		{634FA76A-2290-4DBF-A1D8-F6BF161586DD}.Debug|Any CPU.Build.0 = Debug|Any CPU
		{634FA76A-2290-4DBF-A1D8-F6BF161586DD}.Release|Any CPU.ActiveCfg = Release|Any CPU
		{634FA76A-2290-4DBF-A1D8-F6BF161586DD}.Release|Any CPU.Build.0 = Release|Any CPU
		{111B4E68-44F2-4373-9674-137456E09A04}.Debug|Any CPU.ActiveCfg = Debug|Any CPU
		{111B4E68-44F2-4373-9674-137456E09A04}.Debug|Any CPU.Build.0 = Debug|Any CPU
		{111B4E68-44F2-4373-9674-137456E09A04}.Release|Any CPU.ActiveCfg = Release|Any CPU
		{111B4E68-44F2-4373-9674-137456E09A04}.Release|Any CPU.Build.0 = Release|Any CPU
		{E0D49939-8D3E-4EEB-88F8-5A389B9A70CD}.Debug|Any CPU.ActiveCfg = Debug|Any CPU
		{E0D49939-8D3E-4EEB-88F8-5A389B9A70CD}.Debug|Any CPU.Build.0 = Debug|Any CPU
		{E0D49939-8D3E-4EEB-88F8-5A389B9A70CD}.Release|Any CPU.ActiveCfg = Release|Any CPU
		{E0D49939-8D3E-4EEB-88F8-5A389B9A70CD}.Release|Any CPU.Build.0 = Release|Any CPU
		{7AFB84ED-ACB2-474F-AF04-85C27F4DD457}.Debug|Any CPU.ActiveCfg = Debug|Any CPU
		{7AFB84ED-ACB2-474F-AF04-85C27F4DD457}.Debug|Any CPU.Build.0 = Debug|Any CPU
		{7AFB84ED-ACB2-474F-AF04-85C27F4DD457}.Release|Any CPU.ActiveCfg = Release|Any CPU
		{7AFB84ED-ACB2-474F-AF04-85C27F4DD457}.Release|Any CPU.Build.0 = Release|Any CPU
		{18045832-9374-49A1-A335-8FE76B3E1349}.Debug|Any CPU.ActiveCfg = Debug|Any CPU
		{18045832-9374-49A1-A335-8FE76B3E1349}.Debug|Any CPU.Build.0 = Debug|Any CPU
		{18045832-9374-49A1-A335-8FE76B3E1349}.Release|Any CPU.ActiveCfg = Release|Any CPU
		{18045832-9374-49A1-A335-8FE76B3E1349}.Release|Any CPU.Build.0 = Release|Any CPU
		{C3DBB52D-D1A7-49E2-98EA-238B8710A62C}.Debug|Any CPU.ActiveCfg = Debug|Any CPU
		{C3DBB52D-D1A7-49E2-98EA-238B8710A62C}.Debug|Any CPU.Build.0 = Debug|Any CPU
		{C3DBB52D-D1A7-49E2-98EA-238B8710A62C}.Release|Any CPU.ActiveCfg = Release|Any CPU
		{C3DBB52D-D1A7-49E2-98EA-238B8710A62C}.Release|Any CPU.Build.0 = Release|Any CPU
	EndGlobalSection
	GlobalSection(SolutionProperties) = preSolution
		HideSolutionNode = FALSE
	EndGlobalSection
	GlobalSection(ExtensibilityGlobals) = postSolution
		SolutionGuid = {AEA77AB9-BB6A-40C7-AEB8-63E479A64EDD}
	EndGlobalSection
EndGlobal
